<?xml version="1.0" encoding="utf-8"?>
<Project ToolsVersion="4.0" xmlns="http://schemas.microsoft.com/developer/msbuild/2003">
  <ItemGroup>
    <Filter Include="Source Files">
      <UniqueIdentifier>{4FC737F1-C7A5-4376-A066-2A32D752A2FF}</UniqueIdentifier>
      <Extensions>cpp;c;cc;cxx;def;odl;idl;hpj;bat;asm;asmx</Extensions>
    </Filter>
    <Filter Include="Header Files">
      <UniqueIdentifier>{93995380-89BD-4b04-88EB-625FBE52EBFB}</UniqueIdentifier>
      <Extensions>h;hpp;hxx;hm;inl;inc;xsd</Extensions>
    </Filter>
    <Filter Include="Resource Files">
      <UniqueIdentifier>{67DA6AB6-F800-4c08-8B7A-83BB121AAD01}</UniqueIdentifier>
      <Extensions>rc;ico;cur;bmp;dlg;rc2;rct;bin;rgs;gif;jpg;jpeg;jpe;resx;tiff;tif;png;wav</Extensions>
    </Filter>
    <Filter Include="bore">
      <UniqueIdentifier>{a33bce04-c480-4017-8c70-861264ae2657}</UniqueIdentifier>
    </Filter>
    <Filter Include="Proto Files">
      <UniqueIdentifier>{0b07f90d-2459-4985-8d63-6fd87e067e49}</UniqueIdentifier>
    </Filter>
  </ItemGroup>
  <ItemGroup>
    <ClCompile Include="blowfish.c">
      <Filter>Source Files</Filter>
    </ClCompile>
    <ClCompile Include="buffer.c">
      <Filter>Source Files</Filter>
    </ClCompile>
    <ClCompile Include="charset.c">
      <Filter>Source Files</Filter>
    </ClCompile>
    <ClCompile Include="diff.c">
      <Filter>Source Files</Filter>
    </ClCompile>
    <ClCompile Include="digraph.c">
      <Filter>Source Files</Filter>
    </ClCompile>
    <ClCompile Include="edit.c">
      <Filter>Source Files</Filter>
    </ClCompile>
    <ClCompile Include="eval.c">
      <Filter>Source Files</Filter>
    </ClCompile>
    <ClCompile Include="ex_cmds.c">
      <Filter>Source Files</Filter>
    </ClCompile>
    <ClCompile Include="ex_cmds2.c">
      <Filter>Source Files</Filter>
    </ClCompile>
    <ClCompile Include="ex_docmd.c">
      <Filter>Source Files</Filter>
    </ClCompile>
    <ClCompile Include="ex_eval.c">
      <Filter>Source Files</Filter>
    </ClCompile>
    <ClCompile Include="ex_getln.c">
      <Filter>Source Files</Filter>
    </ClCompile>
    <ClCompile Include="fileio.c">
      <Filter>Source Files</Filter>
    </ClCompile>
    <ClCompile Include="fold.c">
      <Filter>Source Files</Filter>
    </ClCompile>
    <ClCompile Include="getchar.c">
      <Filter>Source Files</Filter>
    </ClCompile>
    <ClCompile Include="gui.c">
      <Filter>Source Files</Filter>
    </ClCompile>
    <ClCompile Include="gui_beval.c">
      <Filter>Source Files</Filter>
    </ClCompile>
    <ClCompile Include="gui_w32.c">
      <Filter>Source Files</Filter>
    </ClCompile>
    <ClCompile Include="hardcopy.c">
      <Filter>Source Files</Filter>
    </ClCompile>
    <ClCompile Include="hashtab.c">
      <Filter>Source Files</Filter>
    </ClCompile>
    <ClCompile Include="main.c">
      <Filter>Source Files</Filter>
    </ClCompile>
    <ClCompile Include="mark.c">
      <Filter>Source Files</Filter>
    </ClCompile>
    <ClCompile Include="mbyte.c">
      <Filter>Source Files</Filter>
    </ClCompile>
    <ClCompile Include="memfile.c">
      <Filter>Source Files</Filter>
    </ClCompile>
    <ClCompile Include="memline.c">
      <Filter>Source Files</Filter>
    </ClCompile>
    <ClCompile Include="menu.c">
      <Filter>Source Files</Filter>
    </ClCompile>
    <ClCompile Include="message.c">
      <Filter>Source Files</Filter>
    </ClCompile>
    <ClCompile Include="misc1.c">
      <Filter>Source Files</Filter>
    </ClCompile>
    <ClCompile Include="misc2.c">
      <Filter>Source Files</Filter>
    </ClCompile>
    <ClCompile Include="move.c">
      <Filter>Source Files</Filter>
    </ClCompile>
    <ClCompile Include="normal.c">
      <Filter>Source Files</Filter>
    </ClCompile>
    <ClCompile Include="ops.c">
      <Filter>Source Files</Filter>
    </ClCompile>
    <ClCompile Include="option.c">
      <Filter>Source Files</Filter>
    </ClCompile>
    <ClCompile Include="os_mswin.c">
      <Filter>Source Files</Filter>
    </ClCompile>
    <ClCompile Include="os_w32exe.c">
      <Filter>Source Files</Filter>
    </ClCompile>
    <ClCompile Include="os_win32.c">
      <Filter>Source Files</Filter>
    </ClCompile>
    <ClCompile Include="quickfix.c">
      <Filter>Source Files</Filter>
    </ClCompile>
    <ClCompile Include="regexp.c">
      <Filter>Source Files</Filter>
    </ClCompile>
    <ClCompile Include="screen.c">
      <Filter>Source Files</Filter>
    </ClCompile>
    <ClCompile Include="search.c">
      <Filter>Source Files</Filter>
    </ClCompile>
    <ClCompile Include="sha256.c">
      <Filter>Source Files</Filter>
    </ClCompile>
    <ClCompile Include="spell.c">
      <Filter>Source Files</Filter>
    </ClCompile>
    <ClCompile Include="syntax.c">
      <Filter>Source Files</Filter>
    </ClCompile>
    <ClCompile Include="tag.c">
      <Filter>Source Files</Filter>
    </ClCompile>
    <ClCompile Include="term.c">
      <Filter>Source Files</Filter>
    </ClCompile>
    <ClCompile Include="ui.c">
      <Filter>Source Files</Filter>
    </ClCompile>
    <ClCompile Include="undo.c">
      <Filter>Source Files</Filter>
    </ClCompile>
    <ClCompile Include="window.c">
      <Filter>Source Files</Filter>
    </ClCompile>
    <ClCompile Include="version.c">
      <Filter>Source Files</Filter>
    </ClCompile>
    <ClCompile Include="if_bore.c">
      <Filter>bore</Filter>
    </ClCompile>
    <ClCompile Include="if_bore_find.cpp">
      <Filter>bore</Filter>
    </ClCompile>
    <ClCompile Include="crypt.c">
      <Filter>Source Files</Filter>
    </ClCompile>
    <ClCompile Include="crypt_zip.c">
      <Filter>Source Files</Filter>
    </ClCompile>
    <ClCompile Include="winclip.c">
      <Filter>Source Files</Filter>
    </ClCompile>
    <ClCompile Include="json.c">
      <Filter>Source Files</Filter>
    </ClCompile>
    <ClCompile Include="gui_dwrite.cpp">
      <Filter>Source Files</Filter>
    </ClCompile>
    <ClCompile Include="evalfunc.c">
      <Filter>Source Files</Filter>
    </ClCompile>
    <ClCompile Include="dict.c">
      <Filter>Source Files</Filter>
    </ClCompile>
    <ClCompile Include="list.c">
      <Filter>Source Files</Filter>
    </ClCompile>
    <ClCompile Include="userfunc.c">
      <Filter>Source Files</Filter>
    </ClCompile>
    <ClCompile Include="spellfile.c">
      <Filter>Source Files</Filter>
    </ClCompile>
    <ClCompile Include="arabic.c">
      <Filter>Source Files</Filter>
    </ClCompile>
    <ClCompile Include="channel.c">
      <Filter>Source Files</Filter>
    </ClCompile>
    <ClCompile Include="beval.c">
      <Filter>Source Files</Filter>
    </ClCompile>
    <ClCompile Include="terminal.c">
      <Filter>Source Files</Filter>
    </ClCompile>
    <ClCompile Include="evalbuffer.c">
      <Filter>Source Files</Filter>
    </ClCompile>
    <ClCompile Include="arglist.c">
      <Filter>Source Files</Filter>
    </ClCompile>
    <ClCompile Include="autocmd.c">
      <Filter>Source Files</Filter>
    </ClCompile>
    <ClCompile Include="blob.c">
      <Filter>Source Files</Filter>
    </ClCompile>
    <ClCompile Include="bufwrite.c">
      <Filter>Source Files</Filter>
    </ClCompile>
    <ClCompile Include="change.c">
      <Filter>Source Files</Filter>
    </ClCompile>
    <ClCompile Include="cindent.c">
      <Filter>Source Files</Filter>
    </ClCompile>
    <ClCompile Include="cmdexpand.c">
      <Filter>Source Files</Filter>
    </ClCompile>
    <ClCompile Include="cmdhist.c">
      <Filter>Source Files</Filter>
    </ClCompile>
    <ClCompile Include="debugger.c">
      <Filter>Source Files</Filter>
    </ClCompile>
    <ClCompile Include="drawline.c">
      <Filter>Source Files</Filter>
    </ClCompile>
    <ClCompile Include="drawscreen.c">
      <Filter>Source Files</Filter>
    </ClCompile>
    <ClCompile Include="evalvars.c">
      <Filter>Source Files</Filter>
    </ClCompile>
    <ClCompile Include="evalwindow.c">
      <Filter>Source Files</Filter>
    </ClCompile>
    <ClCompile Include="filepath.c">
      <Filter>Source Files</Filter>
    </ClCompile>
    <ClCompile Include="findfile.c">
      <Filter>Source Files</Filter>
    </ClCompile>
    <ClCompile Include="highlight.c">
      <Filter>Source Files</Filter>
    </ClCompile>
    <ClCompile Include="if_cscope.c">
      <Filter>Source Files</Filter>
    </ClCompile>
    <ClCompile Include="indent.c">
      <Filter>Source Files</Filter>
    </ClCompile>
    <ClCompile Include="insexpand.c">
      <Filter>Source Files</Filter>
    </ClCompile>
    <ClCompile Include="iscygpty.c">
      <Filter>Source Files</Filter>
    </ClCompile>
    <ClCompile Include="map.c">
      <Filter>Source Files</Filter>
    </ClCompile>
    <ClCompile Include="mouse.c">
      <Filter>Source Files</Filter>
    </ClCompile>
    <ClCompile Include="nbdebug.c">
      <Filter>Source Files</Filter>
    </ClCompile>
    <ClCompile Include="optionstr.c">
      <Filter>Source Files</Filter>
    </ClCompile>
    <ClCompile Include="os_w32dll.c">
      <Filter>Source Files</Filter>
    </ClCompile>
    <ClCompile Include="popupmenu.c">
      <Filter>Source Files</Filter>
    </ClCompile>
    <ClCompile Include="popupwin.c">
      <Filter>Source Files</Filter>
    </ClCompile>
    <ClCompile Include="profiler.c">
      <Filter>Source Files</Filter>
    </ClCompile>
    <ClCompile Include="register.c">
      <Filter>Source Files</Filter>
    </ClCompile>
    <ClCompile Include="scriptfile.c">
      <Filter>Source Files</Filter>
    </ClCompile>
    <ClCompile Include="session.c">
      <Filter>Source Files</Filter>
    </ClCompile>
    <ClCompile Include="sign.c">
      <Filter>Source Files</Filter>
    </ClCompile>
    <ClCompile Include="sound.c">
      <Filter>Source Files</Filter>
    </ClCompile>
    <ClCompile Include="spellsuggest.c">
      <Filter>Source Files</Filter>
    </ClCompile>
    <ClCompile Include="testing.c">
      <Filter>Source Files</Filter>
    </ClCompile>
    <ClCompile Include="textprop.c">
      <Filter>Source Files</Filter>
    </ClCompile>
    <ClCompile Include="usercmd.c">
      <Filter>Source Files</Filter>
    </ClCompile>
    <ClCompile Include="viminfo.c">
      <Filter>Source Files</Filter>
    </ClCompile>
    <ClCompile Include="auto\pathdef.c">
      <Filter>Source Files</Filter>
    </ClCompile>
    <ClCompile Include="vim9compile.c">
      <Filter>Source Files</Filter>
    </ClCompile>
    <ClCompile Include="vim9execute.c">
      <Filter>Source Files</Filter>
    </ClCompile>
    <ClCompile Include="vim9script.c">
      <Filter>Source Files</Filter>
    </ClCompile>
    <ClCompile Include="typval.c">
      <Filter>Source Files</Filter>
    </ClCompile>
    <ClCompile Include="time.c">
      <Filter>Source Files</Filter>
    </ClCompile>
    <ClCompile Include="help.c">
      <Filter>Source Files</Filter>
    </ClCompile>
    <ClCompile Include="textformat.c">
      <Filter>Source Files</Filter>
    </ClCompile>
    <ClCompile Include="job.c">
      <Filter>Source Files</Filter>
    </ClCompile>
    <ClCompile Include="locale.c">
      <Filter>Source Files</Filter>
    </ClCompile>
    <ClCompile Include="match.c">
      <Filter>Source Files</Filter>
    </ClCompile>
    <ClCompile Include="clientserver.c">
      <Filter>Source Files</Filter>
    </ClCompile>
    <ClCompile Include="vim9type.c">
      <Filter>Source Files</Filter>
    </ClCompile>
    <ClCompile Include="clipboard.c">
      <Filter>Source Files</Filter>
    </ClCompile>
    <ClCompile Include="textobject.c">
      <Filter>Source Files</Filter>
    </ClCompile>
    <ClCompile Include="alloc.c">
      <Filter>Source Files</Filter>
    </ClCompile>
    <ClCompile Include="float.c">
      <Filter>Source Files</Filter>
    </ClCompile>
    <ClCompile Include="strings.c">
      <Filter>Source Files</Filter>
    </ClCompile>
    <ClCompile Include="vim9instr.c">
      <Filter>Source Files</Filter>
    </ClCompile>
    <ClCompile Include="vim9cmds.c">
      <Filter>Source Files</Filter>
    </ClCompile>
    <ClCompile Include="vim9expr.c">
      <Filter>Source Files</Filter>
    </ClCompile>
    <ClCompile Include="gui_xim.c">
      <Filter>Source Files</Filter>
    </ClCompile>
  </ItemGroup>
  <ItemGroup>
    <ResourceCompile Include="bvim.rc">
      <Filter>Resource Files</Filter>
    </ResourceCompile>
    <ResourceCompile Include="vim.rc">
      <Filter>Resource Files</Filter>
    </ResourceCompile>
  </ItemGroup>
  <ItemGroup>
    <None Include="proto\arabic.pro">
      <Filter>Proto Files</Filter>
    </None>
    <None Include="proto\beval.pro">
      <Filter>Proto Files</Filter>
    </None>
    <None Include="proto\blowfish.pro">
      <Filter>Proto Files</Filter>
    </None>
    <None Include="proto\buffer.pro">
      <Filter>Proto Files</Filter>
    </None>
    <None Include="proto\channel.pro">
      <Filter>Proto Files</Filter>
    </None>
    <None Include="proto\charset.pro">
      <Filter>Proto Files</Filter>
    </None>
    <None Include="proto\dict.pro">
      <Filter>Proto Files</Filter>
    </None>
    <None Include="proto\diff.pro">
      <Filter>Proto Files</Filter>
    </None>
    <None Include="proto\digraph.pro">
      <Filter>Proto Files</Filter>
    </None>
    <None Include="proto\edit.pro">
      <Filter>Proto Files</Filter>
    </None>
    <None Include="proto\eval.pro">
      <Filter>Proto Files</Filter>
    </None>
    <None Include="proto\ex_cmds.pro">
      <Filter>Proto Files</Filter>
    </None>
    <None Include="proto\ex_cmds2.pro">
      <Filter>Proto Files</Filter>
    </None>
    <None Include="proto\ex_docmd.pro">
      <Filter>Proto Files</Filter>
    </None>
    <None Include="proto\ex_eval.pro">
      <Filter>Proto Files</Filter>
    </None>
    <None Include="proto\ex_getln.pro">
      <Filter>Proto Files</Filter>
    </None>
    <None Include="proto\farsi.pro">
      <Filter>Proto Files</Filter>
    </None>
    <None Include="proto\fileio.pro">
      <Filter>Proto Files</Filter>
    </None>
    <None Include="proto\fold.pro">
      <Filter>Proto Files</Filter>
    </None>
    <None Include="proto\getchar.pro">
      <Filter>Proto Files</Filter>
    </None>
    <None Include="proto\gui.pro">
      <Filter>Proto Files</Filter>
    </None>
    <None Include="proto\gui_athena.pro">
      <Filter>Proto Files</Filter>
    </None>
    <None Include="proto\gui_beval.pro">
      <Filter>Proto Files</Filter>
    </None>
    <None Include="proto\gui_gtk.pro">
      <Filter>Proto Files</Filter>
    </None>
    <None Include="proto\gui_gtk_x11.pro">
      <Filter>Proto Files</Filter>
    </None>
    <None Include="proto\gui_mac.pro">
      <Filter>Proto Files</Filter>
    </None>
    <None Include="proto\gui_motif.pro">
      <Filter>Proto Files</Filter>
    </None>
    <None Include="proto\gui_photon.pro">
      <Filter>Proto Files</Filter>
    </None>
    <None Include="proto\gui_riscos.pro">
      <Filter>Proto Files</Filter>
    </None>
    <None Include="proto\gui_w16.pro">
      <Filter>Proto Files</Filter>
    </None>
    <None Include="proto\gui_w32.pro">
      <Filter>Proto Files</Filter>
    </None>
    <None Include="proto\gui_x11.pro">
      <Filter>Proto Files</Filter>
    </None>
    <None Include="proto\gui_xmdlg.pro">
      <Filter>Proto Files</Filter>
    </None>
    <None Include="proto\hangulin.pro">
      <Filter>Proto Files</Filter>
    </None>
    <None Include="proto\hardcopy.pro">
      <Filter>Proto Files</Filter>
    </None>
    <None Include="proto\hashtab.pro">
      <Filter>Proto Files</Filter>
    </None>
    <None Include="proto\if_bore.pro">
      <Filter>Proto Files</Filter>
    </None>
    <None Include="proto\if_cscope.pro">
      <Filter>Proto Files</Filter>
    </None>
    <None Include="proto\if_lua.pro">
      <Filter>Proto Files</Filter>
    </None>
    <None Include="proto\if_mzsch.pro">
      <Filter>Proto Files</Filter>
    </None>
    <None Include="proto\if_ole.pro">
      <Filter>Proto Files</Filter>
    </None>
    <None Include="proto\if_perl.pro">
      <Filter>Proto Files</Filter>
    </None>
    <None Include="proto\if_perlsfio.pro">
      <Filter>Proto Files</Filter>
    </None>
    <None Include="proto\if_python.pro">
      <Filter>Proto Files</Filter>
    </None>
    <None Include="proto\if_python3.pro">
      <Filter>Proto Files</Filter>
    </None>
    <None Include="proto\if_ruby.pro">
      <Filter>Proto Files</Filter>
    </None>
    <None Include="proto\if_tcl.pro">
      <Filter>Proto Files</Filter>
    </None>
    <None Include="proto\if_xcmdsrv.pro">
      <Filter>Proto Files</Filter>
    </None>
    <None Include="proto\json.pro">
      <Filter>Proto Files</Filter>
    </None>
    <None Include="proto\list.pro">
      <Filter>Proto Files</Filter>
    </None>
    <None Include="proto\main.pro">
      <Filter>Proto Files</Filter>
    </None>
    <None Include="proto\mark.pro">
      <Filter>Proto Files</Filter>
    </None>
    <None Include="proto\mbyte.pro">
      <Filter>Proto Files</Filter>
    </None>
    <None Include="proto\memfile.pro">
      <Filter>Proto Files</Filter>
    </None>
    <None Include="proto\memline.pro">
      <Filter>Proto Files</Filter>
    </None>
    <None Include="proto\menu.pro">
      <Filter>Proto Files</Filter>
    </None>
    <None Include="proto\message.pro">
      <Filter>Proto Files</Filter>
    </None>
    <None Include="proto\misc1.pro">
      <Filter>Proto Files</Filter>
    </None>
    <None Include="proto\misc2.pro">
      <Filter>Proto Files</Filter>
    </None>
    <None Include="proto\move.pro">
      <Filter>Proto Files</Filter>
    </None>
    <None Include="proto\netbeans.pro">
      <Filter>Proto Files</Filter>
    </None>
    <None Include="proto\normal.pro">
      <Filter>Proto Files</Filter>
    </None>
    <None Include="proto\ops.pro">
      <Filter>Proto Files</Filter>
    </None>
    <None Include="proto\option.pro">
      <Filter>Proto Files</Filter>
    </None>
    <None Include="proto\os_amiga.pro">
      <Filter>Proto Files</Filter>
    </None>
    <None Include="proto\os_mac_conv.pro">
      <Filter>Proto Files</Filter>
    </None>
    <None Include="proto\os_msdos.pro">
      <Filter>Proto Files</Filter>
    </None>
    <None Include="proto\os_mswin.pro">
      <Filter>Proto Files</Filter>
    </None>
    <None Include="proto\os_qnx.pro">
      <Filter>Proto Files</Filter>
    </None>
    <None Include="proto\os_riscos.pro">
      <Filter>Proto Files</Filter>
    </None>
    <None Include="proto\os_unix.pro">
      <Filter>Proto Files</Filter>
    </None>
    <None Include="proto\os_vms.pro">
      <Filter>Proto Files</Filter>
    </None>
    <None Include="proto\os_win16.pro">
      <Filter>Proto Files</Filter>
    </None>
    <None Include="proto\os_win32.pro">
      <Filter>Proto Files</Filter>
    </None>
    <None Include="proto\popupmnu.pro">
      <Filter>Proto Files</Filter>
    </None>
    <None Include="proto\pty.pro">
      <Filter>Proto Files</Filter>
    </None>
    <None Include="proto\quickfix.pro">
      <Filter>Proto Files</Filter>
    </None>
    <None Include="proto\regexp.pro">
      <Filter>Proto Files</Filter>
    </None>
    <None Include="proto\screen.pro">
      <Filter>Proto Files</Filter>
    </None>
    <None Include="proto\search.pro">
      <Filter>Proto Files</Filter>
    </None>
    <None Include="proto\sha256.pro">
      <Filter>Proto Files</Filter>
    </None>
    <None Include="proto\spell.pro">
      <Filter>Proto Files</Filter>
    </None>
    <None Include="proto\spellfile.pro">
      <Filter>Proto Files</Filter>
    </None>
    <None Include="proto\syntax.pro">
      <Filter>Proto Files</Filter>
    </None>
    <None Include="proto\tag.pro">
      <Filter>Proto Files</Filter>
    </None>
    <None Include="proto\term.pro">
      <Filter>Proto Files</Filter>
    </None>
    <None Include="proto\terminal.pro">
      <Filter>Proto Files</Filter>
    </None>
    <None Include="proto\termlib.pro">
      <Filter>Proto Files</Filter>
    </None>
    <None Include="proto\ui.pro">
      <Filter>Proto Files</Filter>
    </None>
    <None Include="proto\undo.pro">
      <Filter>Proto Files</Filter>
    </None>
    <None Include="proto\userfunc.pro">
      <Filter>Proto Files</Filter>
    </None>
    <None Include="proto\version.pro">
      <Filter>Proto Files</Filter>
    </None>
    <None Include="proto\window.pro">
      <Filter>Proto Files</Filter>
    </None>
    <None Include="proto\workshop.pro">
      <Filter>Proto Files</Filter>
    </None>
    <None Include="proto\evalvars.pro">
      <Filter>Proto Files</Filter>
    </None>
    <None Include="proto\evalwindow.pro">
      <Filter>Proto Files</Filter>
    </None>
    <None Include="bvim.exe.mnf">
      <Filter>Resource Files</Filter>
    </None>
    <None Include="gvim.exe.mnf">
      <Filter>Resource Files</Filter>
    </None>
    <None Include="proto\vim9compile.pro">
      <Filter>Proto Files</Filter>
    </None>
    <None Include="proto\vim9execute.pro">
      <Filter>Proto Files</Filter>
    </None>
    <None Include="proto\vim9script.pro">
      <Filter>Proto Files</Filter>
    </None>
    <None Include="proto\arglist.pro">
      <Filter>Proto Files</Filter>
    </None>
    <None Include="proto\change.pro">
      <Filter>Proto Files</Filter>
    </None>
    <None Include="proto\typval.pro">
      <Filter>Proto Files</Filter>
    </None>
    <None Include="proto\time.pro">
      <Filter>Proto Files</Filter>
    </None>
    <None Include="proto\help.pro">
      <Filter>Proto Files</Filter>
    </None>
    <None Include="proto\textformat.pro">
      <Filter>Proto Files</Filter>
    </None>
    <None Include="proto\job.pro">
      <Filter>Proto Files</Filter>
    </None>
    <None Include="proto\locale.pro">
      <Filter>Proto Files</Filter>
    </None>
    <None Include="proto\match.pro">
      <Filter>Proto Files</Filter>
    </None>
    <None Include="proto\clientserver.pro">
      <Filter>Proto Files</Filter>
    </None>
    <None Include="proto\vim9type.pro">
      <Filter>Proto Files</Filter>
    </None>
    <None Include="proto\clipboard.pro">
      <Filter>Proto Files</Filter>
    </None>
    <None Include="proto\textobject.pro">
      <Filter>Proto Files</Filter>
    </None>
    <None Include="proto\autocmd.pro">
      <Filter>Proto Files</Filter>
    </None>
    <None Include="proto\blob.pro">
      <Filter>Proto Files</Filter>
    </None>
    <None Include="proto\bufwrite.pro">
      <Filter>Proto Files</Filter>
    </None>
    <None Include="proto\cindent.pro">
      <Filter>Proto Files</Filter>
    </None>
    <None Include="proto\cmdexpand.pro">
      <Filter>Proto Files</Filter>
    </None>
    <None Include="proto\cmdhist.pro">
      <Filter>Proto Files</Filter>
    </None>
    <None Include="proto\crypt.pro">
      <Filter>Proto Files</Filter>
    </None>
    <None Include="proto\crypt_zip.pro">
      <Filter>Proto Files</Filter>
    </None>
    <None Include="proto\debugger.pro">
      <Filter>Proto Files</Filter>
    </None>
    <None Include="proto\drawline.pro">
      <Filter>Proto Files</Filter>
    </None>
    <None Include="proto\drawscreen.pro">
      <Filter>Proto Files</Filter>
    </None>
    <None Include="proto\evalbuffer.pro">
      <Filter>Proto Files</Filter>
    </None>
    <None Include="proto\evalfunc.pro">
      <Filter>Proto Files</Filter>
    </None>
    <None Include="proto\filepath.pro">
      <Filter>Proto Files</Filter>
    </None>
    <None Include="proto\findfile.pro">
      <Filter>Proto Files</Filter>
    </None>
    <None Include="proto\gui_gtk_gresources.pro">
      <Filter>Proto Files</Filter>
    </None>
    <None Include="proto\gui_haiku.pro">
      <Filter>Proto Files</Filter>
    </None>
    <None Include="proto\gui_xim.pro">
      <Filter>Proto Files</Filter>
    </None>
    <None Include="proto\highlight.pro">
      <Filter>Proto Files</Filter>
    </None>
    <None Include="proto\indent.pro">
      <Filter>Proto Files</Filter>
    </None>
    <None Include="proto\insexpand.pro">
      <Filter>Proto Files</Filter>
    </None>
    <None Include="proto\map.pro">
      <Filter>Proto Files</Filter>
    </None>
    <None Include="proto\mouse.pro">
      <Filter>Proto Files</Filter>
    </None>
    <None Include="proto\optionstr.pro">
      <Filter>Proto Files</Filter>
    </None>
    <None Include="proto\popupmenu.pro">
      <Filter>Proto Files</Filter>
    </None>
    <None Include="proto\popupwin.pro">
      <Filter>Proto Files</Filter>
    </None>
    <None Include="proto\profiler.pro">
      <Filter>Proto Files</Filter>
    </None>
    <None Include="proto\quickfix.pro.orig">
      <Filter>Proto Files</Filter>
    </None>
    <None Include="proto\register.pro">
      <Filter>Proto Files</Filter>
    </None>
    <None Include="proto\scriptfile.pro">
      <Filter>Proto Files</Filter>
    </None>
    <None Include="proto\session.pro">
      <Filter>Proto Files</Filter>
    </None>
    <None Include="proto\sign.pro">
      <Filter>Proto Files</Filter>
    </None>
    <None Include="proto\sound.pro">
      <Filter>Proto Files</Filter>
    </None>
    <None Include="proto\spellsuggest.pro">
      <Filter>Proto Files</Filter>
    </None>
    <None Include="proto\testing.pro">
      <Filter>Proto Files</Filter>
    </None>
    <None Include="proto\textprop.pro">
      <Filter>Proto Files</Filter>
    </None>
    <None Include="proto\usercmd.pro">
      <Filter>Proto Files</Filter>
    </None>
    <None Include="proto\viminfo.pro">
      <Filter>Proto Files</Filter>
    </None>
    <None Include="proto\winclip.pro">
      <Filter>Proto Files</Filter>
    </None>
    <None Include="proto\vim9cmds.pro">
      <Filter>Proto Files</Filter>
    </None>
    <None Include="proto\vim9expr.pro">
      <Filter>Proto Files</Filter>
    </None>
    <None Include="proto\vim9instr.pro">
      <Filter>Proto Files</Filter>
    </None>
  </ItemGroup>
  <ItemGroup>
    <ClInclude Include="arabic.h">
      <Filter>Header Files</Filter>
    </ClInclude>
    <ClInclude Include="ascii.h">
      <Filter>Header Files</Filter>
    </ClInclude>
    <ClInclude Include="dosinst.h">
      <Filter>Header Files</Filter>
    </ClInclude>
    <ClInclude Include="ex_cmds.h">
      <Filter>Header Files</Filter>
    </ClInclude>
    <ClInclude Include="feature.h">
      <Filter>Header Files</Filter>
    </ClInclude>
    <ClInclude Include="glbl_ime.h">
      <Filter>Header Files</Filter>
    </ClInclude>
    <ClInclude Include="globals.h">
      <Filter>Header Files</Filter>
    </ClInclude>
    <ClInclude Include="gui.h">
      <Filter>Header Files</Filter>
    </ClInclude>
    <ClInclude Include="gui_at_sb.h">
      <Filter>Header Files</Filter>
    </ClInclude>
    <ClInclude Include="gui_beval.h">
      <Filter>Header Files</Filter>
    </ClInclude>
    <ClInclude Include="gui_gtk_f.h">
      <Filter>Header Files</Filter>
    </ClInclude>
    <ClInclude Include="gui_gtk_vms.h">
      <Filter>Header Files</Filter>
    </ClInclude>
    <ClInclude Include="gui_w32_rc.h">
      <Filter>Header Files</Filter>
    </ClInclude>
    <ClInclude Include="gui_x11_pm.h">
      <Filter>Header Files</Filter>
    </ClInclude>
    <ClInclude Include="gui_xmebw.h">
      <Filter>Header Files</Filter>
    </ClInclude>
    <ClInclude Include="gui_xmebwp.h">
      <Filter>Header Files</Filter>
    </ClInclude>
    <ClInclude Include="guiw16rc.h">
      <Filter>Header Files</Filter>
    </ClInclude>
    <ClInclude Include="if_cscope.h">
      <Filter>Header Files</Filter>
    </ClInclude>
    <ClInclude Include="if_mzsch.h">
      <Filter>Header Files</Filter>
    </ClInclude>
    <ClInclude Include="if_ole.h">
      <Filter>Header Files</Filter>
    </ClInclude>
    <ClInclude Include="if_py_both.h">
      <Filter>Header Files</Filter>
    </ClInclude>
    <ClInclude Include="if_sniff.h">
      <Filter>Header Files</Filter>
    </ClInclude>
    <ClInclude Include="integration.h">
      <Filter>Header Files</Filter>
    </ClInclude>
    <ClInclude Include="keymap.h">
      <Filter>Header Files</Filter>
    </ClInclude>
    <ClInclude Include="macros.h">
      <Filter>Header Files</Filter>
    </ClInclude>
    <ClInclude Include="nbdebug.h">
      <Filter>Header Files</Filter>
    </ClInclude>
    <ClInclude Include="option.h">
      <Filter>Header Files</Filter>
    </ClInclude>
    <ClInclude Include="os_amiga.h">
      <Filter>Header Files</Filter>
    </ClInclude>
    <ClInclude Include="os_beos.h">
      <Filter>Header Files</Filter>
    </ClInclude>
    <ClInclude Include="os_dos.h">
      <Filter>Header Files</Filter>
    </ClInclude>
    <ClInclude Include="os_mac.h">
      <Filter>Header Files</Filter>
    </ClInclude>
    <ClInclude Include="os_mint.h">
      <Filter>Header Files</Filter>
    </ClInclude>
    <ClInclude Include="os_msdos.h">
      <Filter>Header Files</Filter>
    </ClInclude>
    <ClInclude Include="os_os2_cfg.h">
      <Filter>Header Files</Filter>
    </ClInclude>
    <ClInclude Include="os_qnx.h">
      <Filter>Header Files</Filter>
    </ClInclude>
    <ClInclude Include="os_unix.h">
      <Filter>Header Files</Filter>
    </ClInclude>
    <ClInclude Include="os_unixx.h">
      <Filter>Header Files</Filter>
    </ClInclude>
    <ClInclude Include="os_win16.h">
      <Filter>Header Files</Filter>
    </ClInclude>
    <ClInclude Include="os_win32.h">
      <Filter>Header Files</Filter>
    </ClInclude>
    <ClInclude Include="os_vms_conf.h">
      <Filter>Header Files</Filter>
    </ClInclude>
    <ClInclude Include="proto.h">
      <Filter>Header Files</Filter>
    </ClInclude>
    <ClInclude Include="regexp.h">
      <Filter>Header Files</Filter>
    </ClInclude>
    <ClInclude Include="structs.h">
      <Filter>Header Files</Filter>
    </ClInclude>
    <ClInclude Include="term.h">
      <Filter>Header Files</Filter>
    </ClInclude>
    <ClInclude Include="version.h">
      <Filter>Header Files</Filter>
    </ClInclude>
    <ClInclude Include="vim.h">
      <Filter>Header Files</Filter>
    </ClInclude>
    <ClInclude Include="vimio.h">
      <Filter>Header Files</Filter>
    </ClInclude>
    <ClInclude Include="vimtbar.h">
      <Filter>Header Files</Filter>
    </ClInclude>
    <ClInclude Include="workshop.h">
      <Filter>Header Files</Filter>
    </ClInclude>
    <ClInclude Include="wsdebug.h">
      <Filter>Header Files</Filter>
    </ClInclude>
    <ClInclude Include="xpm_w32.h">
      <Filter>Header Files</Filter>
    </ClInclude>
    <ClInclude Include="if_bore.h">
      <Filter>bore</Filter>
    </ClInclude>
    <ClInclude Include="gui_dwrite.h">
      <Filter>Header Files</Filter>
    </ClInclude>
    <ClInclude Include="ex_cmdidxs.h">
      <Filter>Header Files</Filter>
    </ClInclude>
    <ClInclude Include="beval.h">
      <Filter>Header Files</Filter>
    </ClInclude>
    <ClInclude Include="vim9.h">
      <Filter>Header Files</Filter>
    </ClInclude>
    <ClInclude Include="alloc.h">
      <Filter>Header Files</Filter>
    </ClInclude>
    <ClInclude Include="errors.h">
      <Filter>Header Files</Filter>
    </ClInclude>
    <ClInclude Include="iscygpty.h">
      <Filter>Header Files</Filter>
    </ClInclude>
    <ClInclude Include="optiondefs.h">
      <Filter>Header Files</Filter>
    </ClInclude>
    <ClInclude Include="protodef.h">
      <Filter>Header Files</Filter>
    </ClInclude>
    <ClInclude Include="spell.h">
      <Filter>Header Files</Filter>
    </ClInclude>
  </ItemGroup>
</Project>